
Microsoft Visual Studio Solution File, Format Version 11.00
# Visual Studio 2010
Project("{FAE04EC0-301F-11D3-BF4B-00C04F79EFBC}") = "Assembly-CSharp", "Assembly-CSharp.csproj", "{11f6e7d9-1f43-7ab7-1335-523e9dc33b8f}"
EndProject
Project("{FAE04EC0-301F-11D3-BF4B-00C04F79EFBC}") = "Assembly-CSharp-firstpass", "Assembly-CSharp-firstpass.csproj", "{92aa0c13-1bde-962c-1878-0468edbbb711}"
EndProject
Project("{FAE04EC0-301F-11D3-BF4B-00C04F79EFBC}") = "Assembly-CSharp-Editor-firstpass", "Assembly-CSharp-Editor-firstpass.csproj", "{0294416c-d37b-e5b0-d020-872d2b78953e}"
EndProject
Global
	GlobalSection(SolutionConfigurationPlatforms) = preSolution
		Debug|Any CPU = Debug|Any CPU
	EndGlobalSection
	GlobalSection(ProjectConfigurationPlatforms) = postSolution
		{11f6e7d9-1f43-7ab7-1335-523e9dc33b8f}.Debug|Any CPU.ActiveCfg = Debug|Any CPU
		{11f6e7d9-1f43-7ab7-1335-523e9dc33b8f}.Debug|Any CPU.Build.0 = Debug|Any CPU
		{92aa0c13-1bde-962c-1878-0468edbbb711}.Debug|Any CPU.ActiveCfg = Debug|Any CPU
		{92aa0c13-1bde-962c-1878-0468edbbb711}.Debug|Any CPU.Build.0 = Debug|Any CPU
		{0294416c-d37b-e5b0-d020-872d2b78953e}.Debug|Any CPU.ActiveCfg = Debug|Any CPU
		{0294416c-d37b-e5b0-d020-872d2b78953e}.Debug|Any CPU.Build.0 = Debug|Any CPU
	EndGlobalSection
	GlobalSection(SolutionProperties) = preSolution
		HideSolutionNode = FALSE
	EndGlobalSection
EndGlobal
